{
  "name": "@astrostatus/core",
  "version": "0.1.0",
  "lockfileVersion": 3,
  "requires": true,
  "packages": {
    "": {
      "name": "@astrostatus/core",
      "version": "0.1.0",
      "dependencies": {
        "@astroquery/astro-core": "file:../astro-core"
      },
      "engines": {
        "node": ">=20.11.1"
      }
    },
    "../astro-core": {
      "version": "0.1.0",
      "dependencies": {
        "swisseph": "0.5.17"
      },
      "engines": {
        "node": ">=20.11.1"
      }
    },
    "node_modules/@astroquery/astro-core": {
      "resolved": "../astro-core",
      "link": true
    }
  }
}
